
Microsoft Visual Studio Solution File, Format Version 12.00
# Visual Studio Version 17
VisualStudioVersion = 17.0.31903.59
MinimumVisualStudioVersion = 10.0.40219.1
Project("{FAE04EC0-301F-11D3-BF4B-00C04F79EFBC}") = "Fina.Api", "Fina.Api\Fina.Api.csproj", "{54221375-E6A1-4B5A-A468-649E7B5C9C72}"
EndProject
Project("{FAE04EC0-301F-11D3-BF4B-00C04F79EFBC}") = "Fina.Core", "Fina.Core\Fina.Core.csproj", "{DA38CDDC-87E0-4B43-8C91-ADF9A9336408}"
EndProject
Project("{FAE04EC0-301F-11D3-BF4B-00C04F79EFBC}") = "Fina.Web", "Fina.Web\Fina.Web.csproj", "{9371ADDC-AD5C-495F-8020-58626C16CED6}"
EndProject
Global
	GlobalSection(SolutionConfigurationPlatforms) = preSolution
		Debug|Any CPU = Debug|Any CPU
		Debug|x64 = Debug|x64
		Debug|x86 = Debug|x86
		Release|Any CPU = Release|Any CPU
		Release|x64 = Release|x64
		Release|x86 = Release|x86
	EndGlobalSection
	GlobalSection(ProjectConfigurationPlatforms) = postSolution
		{54221375-E6A1-4B5A-A468-649E7B5C9C72}.Debug|Any CPU.ActiveCfg = Debug|Any CPU
		{54221375-E6A1-4B5A-A468-649E7B5C9C72}.Debug|Any CPU.Build.0 = Debug|Any CPU
		{54221375-E6A1-4B5A-A468-649E7B5C9C72}.Debug|x64.ActiveCfg = Debug|Any CPU
		{54221375-E6A1-4B5A-A468-649E7B5C9C72}.Debug|x64.Build.0 = Debug|Any CPU
		{54221375-E6A1-4B5A-A468-649E7B5C9C72}.Debug|x86.ActiveCfg = Debug|Any CPU
		{54221375-E6A1-4B5A-A468-649E7B5C9C72}.Debug|x86.Build.0 = Debug|Any CPU
		{54221375-E6A1-4B5A-A468-649E7B5C9C72}.Release|Any CPU.ActiveCfg = Release|Any CPU
		{54221375-E6A1-4B5A-A468-649E7B5C9C72}.Release|Any CPU.Build.0 = Release|Any CPU
		{54221375-E6A1-4B5A-A468-649E7B5C9C72}.Release|x64.ActiveCfg = Release|Any CPU
		{54221375-E6A1-4B5A-A468-649E7B5C9C72}.Release|x64.Build.0 = Release|Any CPU
		{54221375-E6A1-4B5A-A468-649E7B5C9C72}.Release|x86.ActiveCfg = Release|Any CPU
		{54221375-E6A1-4B5A-A468-649E7B5C9C72}.Release|x86.Build.0 = Release|Any CPU
		{DA38CDDC-87E0-4B43-8C91-ADF9A9336408}.Debug|Any CPU.ActiveCfg = Debug|Any CPU
		{DA38CDDC-87E0-4B43-8C91-ADF9A9336408}.Debug|Any CPU.Build.0 = Debug|Any CPU
		{DA38CDDC-87E0-4B43-8C91-ADF9A9336408}.Debug|x64.ActiveCfg = Debug|Any CPU
		{DA38CDDC-87E0-4B43-8C91-ADF9A9336408}.Debug|x64.Build.0 = Debug|Any CPU
		{DA38CDDC-87E0-4B43-8C91-ADF9A9336408}.Debug|x86.ActiveCfg = Debug|Any CPU
		{DA38CDDC-87E0-4B43-8C91-ADF9A9336408}.Debug|x86.Build.0 = Debug|Any CPU
		{DA38CDDC-87E0-4B43-8C91-ADF9A9336408}.Release|Any CPU.ActiveCfg = Release|Any CPU
		{DA38CDDC-87E0-4B43-8C91-ADF9A9336408}.Release|Any CPU.Build.0 = Release|Any CPU
		{DA38CDDC-87E0-4B43-8C91-ADF9A9336408}.Release|x64.ActiveCfg = Release|Any CPU
		{DA38CDDC-87E0-4B43-8C91-ADF9A9336408}.Release|x64.Build.0 = Release|Any CPU
		{DA38CDDC-87E0-4B43-8C91-ADF9A9336408}.Release|x86.ActiveCfg = Release|Any CPU
		{DA38CDDC-87E0-4B43-8C91-ADF9A9336408}.Release|x86.Build.0 = Release|Any CPU
		{9371ADDC-AD5C-495F-8020-58626C16CED6}.Debug|Any CPU.ActiveCfg = Debug|Any CPU
		{9371ADDC-AD5C-495F-8020-58626C16CED6}.Debug|Any CPU.Build.0 = Debug|Any CPU
		{9371ADDC-AD5C-495F-8020-58626C16CED6}.Debug|x64.ActiveCfg = Debug|Any CPU
		{9371ADDC-AD5C-495F-8020-58626C16CED6}.Debug|x64.Build.0 = Debug|Any CPU
		{9371ADDC-AD5C-495F-8020-58626C16CED6}.Debug|x86.ActiveCfg = Debug|Any CPU
		{9371ADDC-AD5C-495F-8020-58626C16CED6}.Debug|x86.Build.0 = Debug|Any CPU
		{9371ADDC-AD5C-495F-8020-58626C16CED6}.Release|Any CPU.ActiveCfg = Release|Any CPU
		{9371ADDC-AD5C-495F-8020-58626C16CED6}.Release|Any CPU.Build.0 = Release|Any CPU
		{9371ADDC-AD5C-495F-8020-58626C16CED6}.Release|x64.ActiveCfg = Release|Any CPU
		{9371ADDC-AD5C-495F-8020-58626C16CED6}.Release|x64.Build.0 = Release|Any CPU
		{9371ADDC-AD5C-495F-8020-58626C16CED6}.Release|x86.ActiveCfg = Release|Any CPU
		{9371ADDC-AD5C-495F-8020-58626C16CED6}.Release|x86.Build.0 = Release|Any CPU
	EndGlobalSection
	GlobalSection(SolutionProperties) = preSolution
		HideSolutionNode = FALSE
	EndGlobalSection
EndGlobal
